// !$*UTF8*$!
{
	archiveVersion = 1;
	classes = {
	};
	objectVersion = 56;
	objects = {

/* Begin PBXBuildFile section */
		1BB0C19AF9E386A254782341 /* Pods_MovieAppTests.framework in Frameworks */ = {isa = PBXBuildFile; fileRef = 0B644D5621D031DE12CADA40 /* Pods_MovieAppTests.framework */; };
		30B8736FA2648607725B1585 /* Pods_MovieApp_MovieAppUITests.framework in Frameworks */ = {isa = PBXBuildFile; fileRef = 814D5B676524442EB12E93F8 /* Pods_MovieApp_MovieAppUITests.framework */; };
		48CA682ACE3C4BE25543878C /* Pods_MovieApp.framework in Frameworks */ = {isa = PBXBuildFile; fileRef = CD083F304C9C3B590205E470 /* Pods_MovieApp.framework */; };
		6916E6502AF36395001FF7F7 /* MovieDetailsRouter.swift in Sources */ = {isa = PBXBuildFile; fileRef = 6916E64F2AF36394001FF7F7 /* MovieDetailsRouter.swift */; };
		6916E6522AF364CD001FF7F7 /* MovieDetailsInteractor.swift in Sources */ = {isa = PBXBuildFile; fileRef = 6916E6512AF364CD001FF7F7 /* MovieDetailsInteractor.swift */; };
		6916E6542AF364E4001FF7F7 /* MovieDetailsPresenter.swift in Sources */ = {isa = PBXBuildFile; fileRef = 6916E6532AF364E4001FF7F7 /* MovieDetailsPresenter.swift */; };
		6916E6562AF38482001FF7F7 /* MovieDetailsViewController.swift in Sources */ = {isa = PBXBuildFile; fileRef = 6916E6552AF38482001FF7F7 /* MovieDetailsViewController.swift */; };
		6916E6582AF3B862001FF7F7 /* MovieAppDetailsView.swift in Sources */ = {isa = PBXBuildFile; fileRef = 6916E6572AF3B862001FF7F7 /* MovieAppDetailsView.swift */; };
		691DCF9B2AFA32C900DB4CAC /* MovieAppRepository.swift in Sources */ = {isa = PBXBuildFile; fileRef = 691DCF9A2AFA32C900DB4CAC /* MovieAppRepository.swift */; };
		6924F9442AFB570100EC1B42 /* MovieDetailsMockData.swift in Sources */ = {isa = PBXBuildFile; fileRef = 6924F9432AFB570100EC1B42 /* MovieDetailsMockData.swift */; };
		6924F9462AFB58BF00EC1B42 /* MovieDetailsTests.swift in Sources */ = {isa = PBXBuildFile; fileRef = 6924F9452AFB58BF00EC1B42 /* MovieDetailsTests.swift */; };
		6924F94A2AFB90FF00EC1B42 /* MovieTests.swift in Sources */ = {isa = PBXBuildFile; fileRef = 6924F9492AFB90FF00EC1B42 /* MovieTests.swift */; };
		6924F94C2AFB913800EC1B42 /* TVShowTests.swift in Sources */ = {isa = PBXBuildFile; fileRef = 6924F94B2AFB913800EC1B42 /* TVShowTests.swift */; };
		6924F94E2AFB915B00EC1B42 /* TVShowDetailsTests.swift in Sources */ = {isa = PBXBuildFile; fileRef = 6924F94D2AFB915B00EC1B42 /* TVShowDetailsTests.swift */; };
		6924F9502AFB916700EC1B42 /* CastDetailsTests.swift in Sources */ = {isa = PBXBuildFile; fileRef = 6924F94F2AFB916700EC1B42 /* CastDetailsTests.swift */; };
		6924F9522AFB92BC00EC1B42 /* TopRatedMovieMockData.swift in Sources */ = {isa = PBXBuildFile; fileRef = 6924F9512AFB92BC00EC1B42 /* TopRatedMovieMockData.swift */; };
		6924F9542AFB966B00EC1B42 /* PopularTVShowMockData.swift in Sources */ = {isa = PBXBuildFile; fileRef = 6924F9532AFB966B00EC1B42 /* PopularTVShowMockData.swift */; };
		6924F9562AFB9D6300EC1B42 /* TVShowDetailsMockData.swift in Sources */ = {isa = PBXBuildFile; fileRef = 6924F9552AFB9D6300EC1B42 /* TVShowDetailsMockData.swift */; };
		6924F9582AFB9D7100EC1B42 /* CastDetailsMockData.swift in Sources */ = {isa = PBXBuildFile; fileRef = 6924F9572AFB9D7100EC1B42 /* CastDetailsMockData.swift */; };
		6924F95C2AFBFD9800EC1B42 /* TVShowVideoMockData.swift in Sources */ = {isa = PBXBuildFile; fileRef = 6924F95B2AFBFD9800EC1B42 /* TVShowVideoMockData.swift */; };
		6924F95E2AFC004500EC1B42 /* MovieVideoMockData.swift in Sources */ = {isa = PBXBuildFile; fileRef = 6924F95D2AFC004500EC1B42 /* MovieVideoMockData.swift */; };
		6924F9602AFC024900EC1B42 /* CastMovieMockData.swift in Sources */ = {isa = PBXBuildFile; fileRef = 6924F95F2AFC024900EC1B42 /* CastMovieMockData.swift */; };
		6924F9622AFC026100EC1B42 /* CastTVShowMockData.swift in Sources */ = {isa = PBXBuildFile; fileRef = 6924F9612AFC026100EC1B42 /* CastTVShowMockData.swift */; };
		6924F9642AFC027900EC1B42 /* CastCombineMockData.swift in Sources */ = {isa = PBXBuildFile; fileRef = 6924F9632AFC027900EC1B42 /* CastCombineMockData.swift */; };
		6924F9662AFC029100EC1B42 /* CastImageMockData.swift in Sources */ = {isa = PBXBuildFile; fileRef = 6924F9652AFC029100EC1B42 /* CastImageMockData.swift */; };
		692FA3B82AEC265700C265CE /* SectionHeaderView.swift in Sources */ = {isa = PBXBuildFile; fileRef = 692FA3B72AEC265700C265CE /* SectionHeaderView.swift */; };
		69332C502AEB85D900518C69 /* HomeViewController.swift in Sources */ = {isa = PBXBuildFile; fileRef = 69332C4F2AEB85D900518C69 /* HomeViewController.swift */; };
		69332C522AEB8D8D00518C69 /* MovieAppTabBarController.swift in Sources */ = {isa = PBXBuildFile; fileRef = 69332C512AEB8D8D00518C69 /* MovieAppTabBarController.swift */; };
		69332C562AEBB2F700518C69 /* Inter-Medium.ttf in Resources */ = {isa = PBXBuildFile; fileRef = 69332C542AEBB2F700518C69 /* Inter-Medium.ttf */; };
		69332C572AEBB2F700518C69 /* Inter-Light.ttf in Resources */ = {isa = PBXBuildFile; fileRef = 69332C552AEBB2F700518C69 /* Inter-Light.ttf */; };
		69332C5B2AEBB36F00518C69 /* FontExtension.swift in Sources */ = {isa = PBXBuildFile; fileRef = 69332C5A2AEBB36F00518C69 /* FontExtension.swift */; };
		69332C5D2AEBBAFC00518C69 /* MovieViewController.swift in Sources */ = {isa = PBXBuildFile; fileRef = 69332C5C2AEBBAFC00518C69 /* MovieViewController.swift */; };
		69332C5F2AEBBB0A00518C69 /* MoviePresenter.swift in Sources */ = {isa = PBXBuildFile; fileRef = 69332C5E2AEBBB0A00518C69 /* MoviePresenter.swift */; };
		69332C612AEBBB1F00518C69 /* MovieInteractor.swift in Sources */ = {isa = PBXBuildFile; fileRef = 69332C602AEBBB1F00518C69 /* MovieInteractor.swift */; };
		69332C632AEBBB2A00518C69 /* MovieRouter.swift in Sources */ = {isa = PBXBuildFile; fileRef = 69332C622AEBBB2A00518C69 /* MovieRouter.swift */; };
		69332C652AEBBB4B00518C69 /* TVShowsViewController.swift in Sources */ = {isa = PBXBuildFile; fileRef = 69332C642AEBBB4B00518C69 /* TVShowsViewController.swift */; };
		69332C672AEBBB5800518C69 /* TVShowsPresenter.swift in Sources */ = {isa = PBXBuildFile; fileRef = 69332C662AEBBB5800518C69 /* TVShowsPresenter.swift */; };
		69332C692AEBBB6C00518C69 /* TVShowsInteractor.swift in Sources */ = {isa = PBXBuildFile; fileRef = 69332C682AEBBB6C00518C69 /* TVShowsInteractor.swift */; };
		69332C6B2AEBBB7900518C69 /* TVShowsRouter.swift in Sources */ = {isa = PBXBuildFile; fileRef = 69332C6A2AEBBB7900518C69 /* TVShowsRouter.swift */; };
		693EDD022AF7C20F001D3D12 /* YoutubeCollectionViewCell.swift in Sources */ = {isa = PBXBuildFile; fileRef = 693EDD012AF7C20F001D3D12 /* YoutubeCollectionViewCell.swift */; };
		693EDD052AF7F0D1001D3D12 /* MovieTypesEnum.swift in Sources */ = {isa = PBXBuildFile; fileRef = 693EDD042AF7F0D1001D3D12 /* MovieTypesEnum.swift */; };
		693EDD072AF81E15001D3D12 /* CellDataObject.swift in Sources */ = {isa = PBXBuildFile; fileRef = 693EDD062AF81E15001D3D12 /* CellDataObject.swift */; };
		696DBDB32AF2BEEA0019AA99 /* GenreCollectionViewCell.swift in Sources */ = {isa = PBXBuildFile; fileRef = 696DBDB22AF2BEEA0019AA99 /* GenreCollectionViewCell.swift */; };
		696FC6E22AE8E501005181B9 /* AppDelegate.swift in Sources */ = {isa = PBXBuildFile; fileRef = 696FC6E12AE8E501005181B9 /* AppDelegate.swift */; };
		696FC6E42AE8E501005181B9 /* SceneDelegate.swift in Sources */ = {isa = PBXBuildFile; fileRef = 696FC6E32AE8E501005181B9 /* SceneDelegate.swift */; };
		696FC6E92AE8E501005181B9 /* Main.storyboard in Resources */ = {isa = PBXBuildFile; fileRef = 696FC6E72AE8E501005181B9 /* Main.storyboard */; };
		696FC6EC2AE8E501005181B9 /* MovieApp.xcdatamodeld in Sources */ = {isa = PBXBuildFile; fileRef = 696FC6EA2AE8E501005181B9 /* MovieApp.xcdatamodeld */; };
		696FC6EE2AE8E502005181B9 /* Assets.xcassets in Resources */ = {isa = PBXBuildFile; fileRef = 696FC6ED2AE8E502005181B9 /* Assets.xcassets */; };
		696FC6F12AE8E502005181B9 /* LaunchScreen.storyboard in Resources */ = {isa = PBXBuildFile; fileRef = 696FC6EF2AE8E502005181B9 /* LaunchScreen.storyboard */; };
		696FC7062AE8E502005181B9 /* MovieAppUITests.swift in Sources */ = {isa = PBXBuildFile; fileRef = 696FC7052AE8E502005181B9 /* MovieAppUITests.swift */; };
		696FC7082AE8E502005181B9 /* MovieAppUITestsLaunchTests.swift in Sources */ = {isa = PBXBuildFile; fileRef = 696FC7072AE8E502005181B9 /* MovieAppUITestsLaunchTests.swift */; };
		697F18DC2AEA374E001492C2 /* EndPointTVShow.swift in Sources */ = {isa = PBXBuildFile; fileRef = 697F18DB2AEA374E001492C2 /* EndPointTVShow.swift */; };
		697F18E02AEA37BE001492C2 /* EndPointCast.swift in Sources */ = {isa = PBXBuildFile; fileRef = 697F18DF2AEA37BE001492C2 /* EndPointCast.swift */; };
		697F18E32AEA3F91001492C2 /* TVShowEntity.swift in Sources */ = {isa = PBXBuildFile; fileRef = 697F18E22AEA3F91001492C2 /* TVShowEntity.swift */; };
		697F18E52AEA44B1001492C2 /* TVShowByIDEntity.swift in Sources */ = {isa = PBXBuildFile; fileRef = 697F18E42AEA44B1001492C2 /* TVShowByIDEntity.swift */; };
		697F18E72AEA5CEB001492C2 /* CastEntity.swift in Sources */ = {isa = PBXBuildFile; fileRef = 697F18E62AEA5CEB001492C2 /* CastEntity.swift */; };
		697F18EA2AEA5FA0001492C2 /* CastDetailsByIdEntity.swift in Sources */ = {isa = PBXBuildFile; fileRef = 697F18E92AEA5FA0001492C2 /* CastDetailsByIdEntity.swift */; };
		697F18EC2AEA6200001492C2 /* CastMovieTVModel.swift in Sources */ = {isa = PBXBuildFile; fileRef = 697F18EB2AEA6200001492C2 /* CastMovieTVModel.swift */; };
		697F18EE2AEA6685001492C2 /* CastImagesByIdEntity.swift in Sources */ = {isa = PBXBuildFile; fileRef = 697F18ED2AEA6685001492C2 /* CastImagesByIdEntity.swift */; };
		697F18F12AEA7C71001492C2 /* HomePresenter.swift in Sources */ = {isa = PBXBuildFile; fileRef = 697F18F02AEA7C71001492C2 /* HomePresenter.swift */; };
		697F18F32AEA7C84001492C2 /* HomeInteractor.swift in Sources */ = {isa = PBXBuildFile; fileRef = 697F18F22AEA7C84001492C2 /* HomeInteractor.swift */; };
		697F18F52AEA7C9C001492C2 /* HomeRouter.swift in Sources */ = {isa = PBXBuildFile; fileRef = 697F18F42AEA7C9C001492C2 /* HomeRouter.swift */; };
		6991AF3F2AF0C49F00F1B7B6 /* HomeTableViewCell.swift in Sources */ = {isa = PBXBuildFile; fileRef = 6991AF3E2AF0C49F00F1B7B6 /* HomeTableViewCell.swift */; };
		69B9CCA92AF6D8EC00ADADE5 /* LabelExtension.swift in Sources */ = {isa = PBXBuildFile; fileRef = 69B9CCA82AF6D8EC00ADADE5 /* LabelExtension.swift */; };
		69D87BCC2AF8B00700CC7D27 /* VideoModel.swift in Sources */ = {isa = PBXBuildFile; fileRef = 69D87BCB2AF8B00700CC7D27 /* VideoModel.swift */; };
		69D87BCE2AF8C7BA00CC7D27 /* DataError.swift in Sources */ = {isa = PBXBuildFile; fileRef = 69D87BCD2AF8C7BA00CC7D27 /* DataError.swift */; };
		69D87BD62AF8F95A00CC7D27 /* PopularMovieMockData.swift in Sources */ = {isa = PBXBuildFile; fileRef = 69D87BD52AF8F95A00CC7D27 /* PopularMovieMockData.swift */; };
		69D87BD82AF8FADF00CC7D27 /* MovieRepoMock.swift in Sources */ = {isa = PBXBuildFile; fileRef = 69D87BD72AF8FADF00CC7D27 /* MovieRepoMock.swift */; };
		69EC094F2AE8EC6400605495 /* MovieEntity.swift in Sources */ = {isa = PBXBuildFile; fileRef = 69EC094E2AE8EC6400605495 /* MovieEntity.swift */; };
		69EC09522AE8F05E00605495 /* APIManager.swift in Sources */ = {isa = PBXBuildFile; fileRef = 69EC09512AE8F05E00605495 /* APIManager.swift */; };
		69EC09572AE9018300605495 /* EndPointAPIType.swift in Sources */ = {isa = PBXBuildFile; fileRef = 69EC09562AE9018300605495 /* EndPointAPIType.swift */; };
		69EC09592AE9022D00605495 /* EndPointMovie.swift in Sources */ = {isa = PBXBuildFile; fileRef = 69EC09582AE9022D00605495 /* EndPointMovie.swift */; };
		69EC095C2AE9056900605495 /* Constants.swift in Sources */ = {isa = PBXBuildFile; fileRef = 69EC095B2AE9056900605495 /* Constants.swift */; };
		69EC09612AE91BB200605495 /* MovieByIDEntity.swift in Sources */ = {isa = PBXBuildFile; fileRef = 69EC09602AE91BB200605495 /* MovieByIDEntity.swift */; };
		69EFA3042AEF7AD100AB8995 /* MovieAppCollectionView.swift in Sources */ = {isa = PBXBuildFile; fileRef = 69EFA3032AEF7AD100AB8995 /* MovieAppCollectionView.swift */; };
		69EFA3062AEFA7AA00AB8995 /* MovieAppCollectionViewCell.swift in Sources */ = {isa = PBXBuildFile; fileRef = 69EFA3052AEFA7AA00AB8995 /* MovieAppCollectionViewCell.swift */; };
		69F21EE62AEE74D10069595B /* ImageViewExtension.swift in Sources */ = {isa = PBXBuildFile; fileRef = 69F21EE52AEE74D10069595B /* ImageViewExtension.swift */; };
		69F37B512AF4CB6D0008D539 /* StringExtension.swift in Sources */ = {isa = PBXBuildFile; fileRef = 69F37B502AF4CB6D0008D539 /* StringExtension.swift */; };
		69F37B532AF4F5DB0008D539 /* TVShowDetailsRouter.swift in Sources */ = {isa = PBXBuildFile; fileRef = 69F37B522AF4F5DB0008D539 /* TVShowDetailsRouter.swift */; };
		69F37B552AF4F5F30008D539 /* TVShowDetailsInteractor.swift in Sources */ = {isa = PBXBuildFile; fileRef = 69F37B542AF4F5F30008D539 /* TVShowDetailsInteractor.swift */; };
		69F37B572AF4F6050008D539 /* TVShowDetailsPresenter.swift in Sources */ = {isa = PBXBuildFile; fileRef = 69F37B562AF4F6050008D539 /* TVShowDetailsPresenter.swift */; };
		69F37B592AF4F61C0008D539 /* TVShowDetailsViewController.swift in Sources */ = {isa = PBXBuildFile; fileRef = 69F37B582AF4F61C0008D539 /* TVShowDetailsViewController.swift */; };
		69F37B5B2AF512B10008D539 /* CastDetailsViewController.swift in Sources */ = {isa = PBXBuildFile; fileRef = 69F37B5A2AF512B10008D539 /* CastDetailsViewController.swift */; };
		69F37B5D2AF512C80008D539 /* CastDetailsPresenter.swift in Sources */ = {isa = PBXBuildFile; fileRef = 69F37B5C2AF512C80008D539 /* CastDetailsPresenter.swift */; };
		69F37B5F2AF512D70008D539 /* CastDetailsRouter.swift in Sources */ = {isa = PBXBuildFile; fileRef = 69F37B5E2AF512D70008D539 /* CastDetailsRouter.swift */; };
		69F37B612AF512E90008D539 /* CastDetailsInteractor.swift in Sources */ = {isa = PBXBuildFile; fileRef = 69F37B602AF512E90008D539 /* CastDetailsInteractor.swift */; };
		69FD445C2AFB48E400EDFDAC /* HomeTests.swift in Sources */ = {isa = PBXBuildFile; fileRef = 69FD445B2AFB48E400EDFDAC /* HomeTests.swift */; };
		69FD445F2AFB4E0500EDFDAC /* MovieAppTests.swift in Sources */ = {isa = PBXBuildFile; fileRef = 69FD445E2AFB4E0500EDFDAC /* MovieAppTests.swift */; };
/* End PBXBuildFile section */

/* Begin PBXContainerItemProxy section */
		696FC6F82AE8E502005181B9 /* PBXContainerItemProxy */ = {
			isa = PBXContainerItemProxy;
			containerPortal = 696FC6D62AE8E501005181B9 /* Project object */;
			proxyType = 1;
			remoteGlobalIDString = 696FC6DD2AE8E501005181B9;
			remoteInfo = MovieApp;
		};
		696FC7022AE8E502005181B9 /* PBXContainerItemProxy */ = {
			isa = PBXContainerItemProxy;
			containerPortal = 696FC6D62AE8E501005181B9 /* Project object */;
			proxyType = 1;
			remoteGlobalIDString = 696FC6DD2AE8E501005181B9;
			remoteInfo = MovieApp;
		};
/* End PBXContainerItemProxy section */

/* Begin PBXFileReference section */
		0B644D5621D031DE12CADA40 /* Pods_MovieAppTests.framework */ = {isa = PBXFileReference; explicitFileType = wrapper.framework; includeInIndex = 0; path = Pods_MovieAppTests.framework; sourceTree = BUILT_PRODUCTS_DIR; };
		154D2E3F60DCB7959C3D9728 /* Pods-MovieApp.debug.xcconfig */ = {isa = PBXFileReference; includeInIndex = 1; lastKnownFileType = text.xcconfig; name = "Pods-MovieApp.debug.xcconfig"; path = "Target Support Files/Pods-MovieApp/Pods-MovieApp.debug.xcconfig"; sourceTree = "<group>"; };
		6916E64F2AF36394001FF7F7 /* MovieDetailsRouter.swift */ = {isa = PBXFileReference; lastKnownFileType = sourcecode.swift; path = MovieDetailsRouter.swift; sourceTree = "<group>"; };
		6916E6512AF364CD001FF7F7 /* MovieDetailsInteractor.swift */ = {isa = PBXFileReference; lastKnownFileType = sourcecode.swift; path = MovieDetailsInteractor.swift; sourceTree = "<group>"; };
		6916E6532AF364E4001FF7F7 /* MovieDetailsPresenter.swift */ = {isa = PBXFileReference; lastKnownFileType = sourcecode.swift; path = MovieDetailsPresenter.swift; sourceTree = "<group>"; };
		6916E6552AF38482001FF7F7 /* MovieDetailsViewController.swift */ = {isa = PBXFileReference; lastKnownFileType = sourcecode.swift; path = MovieDetailsViewController.swift; sourceTree = "<group>"; };
		6916E6572AF3B862001FF7F7 /* MovieAppDetailsView.swift */ = {isa = PBXFileReference; lastKnownFileType = sourcecode.swift; path = MovieAppDetailsView.swift; sourceTree = "<group>"; };
		691DCF9A2AFA32C900DB4CAC /* MovieAppRepository.swift */ = {isa = PBXFileReference; lastKnownFileType = sourcecode.swift; path = MovieAppRepository.swift; sourceTree = "<group>"; };
		6924F9432AFB570100EC1B42 /* MovieDetailsMockData.swift */ = {isa = PBXFileReference; lastKnownFileType = sourcecode.swift; path = MovieDetailsMockData.swift; sourceTree = "<group>"; };
		6924F9452AFB58BF00EC1B42 /* MovieDetailsTests.swift */ = {isa = PBXFileReference; lastKnownFileType = sourcecode.swift; path = MovieDetailsTests.swift; sourceTree = "<group>"; };
		6924F9492AFB90FF00EC1B42 /* MovieTests.swift */ = {isa = PBXFileReference; lastKnownFileType = sourcecode.swift; path = MovieTests.swift; sourceTree = "<group>"; };
		6924F94B2AFB913800EC1B42 /* TVShowTests.swift */ = {isa = PBXFileReference; lastKnownFileType = sourcecode.swift; path = TVShowTests.swift; sourceTree = "<group>"; };
		6924F94D2AFB915B00EC1B42 /* TVShowDetailsTests.swift */ = {isa = PBXFileReference; lastKnownFileType = sourcecode.swift; path = TVShowDetailsTests.swift; sourceTree = "<group>"; };
		6924F94F2AFB916700EC1B42 /* CastDetailsTests.swift */ = {isa = PBXFileReference; lastKnownFileType = sourcecode.swift; path = CastDetailsTests.swift; sourceTree = "<group>"; };
		6924F9512AFB92BC00EC1B42 /* TopRatedMovieMockData.swift */ = {isa = PBXFileReference; lastKnownFileType = sourcecode.swift; path = TopRatedMovieMockData.swift; sourceTree = "<group>"; };
		6924F9532AFB966B00EC1B42 /* PopularTVShowMockData.swift */ = {isa = PBXFileReference; lastKnownFileType = sourcecode.swift; path = PopularTVShowMockData.swift; sourceTree = "<group>"; };
		6924F9552AFB9D6300EC1B42 /* TVShowDetailsMockData.swift */ = {isa = PBXFileReference; lastKnownFileType = sourcecode.swift; path = TVShowDetailsMockData.swift; sourceTree = "<group>"; };
		6924F9572AFB9D7100EC1B42 /* CastDetailsMockData.swift */ = {isa = PBXFileReference; lastKnownFileType = sourcecode.swift; path = CastDetailsMockData.swift; sourceTree = "<group>"; };
		6924F95B2AFBFD9800EC1B42 /* TVShowVideoMockData.swift */ = {isa = PBXFileReference; lastKnownFileType = sourcecode.swift; path = TVShowVideoMockData.swift; sourceTree = "<group>"; };
		6924F95D2AFC004500EC1B42 /* MovieVideoMockData.swift */ = {isa = PBXFileReference; lastKnownFileType = sourcecode.swift; path = MovieVideoMockData.swift; sourceTree = "<group>"; };
		6924F95F2AFC024900EC1B42 /* CastMovieMockData.swift */ = {isa = PBXFileReference; lastKnownFileType = sourcecode.swift; path = CastMovieMockData.swift; sourceTree = "<group>"; };
		6924F9612AFC026100EC1B42 /* CastTVShowMockData.swift */ = {isa = PBXFileReference; lastKnownFileType = sourcecode.swift; path = CastTVShowMockData.swift; sourceTree = "<group>"; };
		6924F9632AFC027900EC1B42 /* CastCombineMockData.swift */ = {isa = PBXFileReference; lastKnownFileType = sourcecode.swift; path = CastCombineMockData.swift; sourceTree = "<group>"; };
		6924F9652AFC029100EC1B42 /* CastImageMockData.swift */ = {isa = PBXFileReference; lastKnownFileType = sourcecode.swift; path = CastImageMockData.swift; sourceTree = "<group>"; };
		692FA3B72AEC265700C265CE /* SectionHeaderView.swift */ = {isa = PBXFileReference; lastKnownFileType = sourcecode.swift; path = SectionHeaderView.swift; sourceTree = "<group>"; };
		69332C4F2AEB85D900518C69 /* HomeViewController.swift */ = {isa = PBXFileReference; lastKnownFileType = sourcecode.swift; path = HomeViewController.swift; sourceTree = "<group>"; };
		69332C512AEB8D8D00518C69 /* MovieAppTabBarController.swift */ = {isa = PBXFileReference; lastKnownFileType = sourcecode.swift; path = MovieAppTabBarController.swift; sourceTree = "<group>"; };
		69332C542AEBB2F700518C69 /* Inter-Medium.ttf */ = {isa = PBXFileReference; lastKnownFileType = file; path = "Inter-Medium.ttf"; sourceTree = "<group>"; };
		69332C552AEBB2F700518C69 /* Inter-Light.ttf */ = {isa = PBXFileReference; lastKnownFileType = file; path = "Inter-Light.ttf"; sourceTree = "<group>"; };
		69332C5A2AEBB36F00518C69 /* FontExtension.swift */ = {isa = PBXFileReference; lastKnownFileType = sourcecode.swift; path = FontExtension.swift; sourceTree = "<group>"; };
		69332C5C2AEBBAFC00518C69 /* MovieViewController.swift */ = {isa = PBXFileReference; lastKnownFileType = sourcecode.swift; path = MovieViewController.swift; sourceTree = "<group>"; };
		69332C5E2AEBBB0A00518C69 /* MoviePresenter.swift */ = {isa = PBXFileReference; lastKnownFileType = sourcecode.swift; path = MoviePresenter.swift; sourceTree = "<group>"; };
		69332C602AEBBB1F00518C69 /* MovieInteractor.swift */ = {isa = PBXFileReference; lastKnownFileType = sourcecode.swift; path = MovieInteractor.swift; sourceTree = "<group>"; };
		69332C622AEBBB2A00518C69 /* MovieRouter.swift */ = {isa = PBXFileReference; lastKnownFileType = sourcecode.swift; path = MovieRouter.swift; sourceTree = "<group>"; };
		69332C642AEBBB4B00518C69 /* TVShowsViewController.swift */ = {isa = PBXFileReference; lastKnownFileType = sourcecode.swift; path = TVShowsViewController.swift; sourceTree = "<group>"; };
		69332C662AEBBB5800518C69 /* TVShowsPresenter.swift */ = {isa = PBXFileReference; lastKnownFileType = sourcecode.swift; path = TVShowsPresenter.swift; sourceTree = "<group>"; };
		69332C682AEBBB6C00518C69 /* TVShowsInteractor.swift */ = {isa = PBXFileReference; lastKnownFileType = sourcecode.swift; path = TVShowsInteractor.swift; sourceTree = "<group>"; };
		69332C6A2AEBBB7900518C69 /* TVShowsRouter.swift */ = {isa = PBXFileReference; lastKnownFileType = sourcecode.swift; path = TVShowsRouter.swift; sourceTree = "<group>"; };
		693EDD012AF7C20F001D3D12 /* YoutubeCollectionViewCell.swift */ = {isa = PBXFileReference; lastKnownFileType = sourcecode.swift; path = YoutubeCollectionViewCell.swift; sourceTree = "<group>"; };
		693EDD042AF7F0D1001D3D12 /* MovieTypesEnum.swift */ = {isa = PBXFileReference; lastKnownFileType = sourcecode.swift; path = MovieTypesEnum.swift; sourceTree = "<group>"; };
		693EDD062AF81E15001D3D12 /* CellDataObject.swift */ = {isa = PBXFileReference; lastKnownFileType = sourcecode.swift; path = CellDataObject.swift; sourceTree = "<group>"; };
		696DBDB22AF2BEEA0019AA99 /* GenreCollectionViewCell.swift */ = {isa = PBXFileReference; lastKnownFileType = sourcecode.swift; path = GenreCollectionViewCell.swift; sourceTree = "<group>"; };
		696FC6DE2AE8E501005181B9 /* MovieApp.app */ = {isa = PBXFileReference; explicitFileType = wrapper.application; includeInIndex = 0; path = MovieApp.app; sourceTree = BUILT_PRODUCTS_DIR; };
		696FC6E12AE8E501005181B9 /* AppDelegate.swift */ = {isa = PBXFileReference; lastKnownFileType = sourcecode.swift; path = AppDelegate.swift; sourceTree = "<group>"; };
		696FC6E32AE8E501005181B9 /* SceneDelegate.swift */ = {isa = PBXFileReference; lastKnownFileType = sourcecode.swift; path = SceneDelegate.swift; sourceTree = "<group>"; };
		696FC6E82AE8E501005181B9 /* Base */ = {isa = PBXFileReference; lastKnownFileType = file.storyboard; name = Base; path = Base.lproj/Main.storyboard; sourceTree = "<group>"; };
		696FC6EB2AE8E501005181B9 /* MovieApp.xcdatamodel */ = {isa = PBXFileReference; lastKnownFileType = wrapper.xcdatamodel; path = MovieApp.xcdatamodel; sourceTree = "<group>"; };
		696FC6ED2AE8E502005181B9 /* Assets.xcassets */ = {isa = PBXFileReference; lastKnownFileType = folder.assetcatalog; path = Assets.xcassets; sourceTree = "<group>"; };
		696FC6F02AE8E502005181B9 /* Base */ = {isa = PBXFileReference; lastKnownFileType = file.storyboard; name = Base; path = Base.lproj/LaunchScreen.storyboard; sourceTree = "<group>"; };
		696FC6F22AE8E502005181B9 /* Info.plist */ = {isa = PBXFileReference; lastKnownFileType = text.plist.xml; path = Info.plist; sourceTree = "<group>"; };
		696FC6F72AE8E502005181B9 /* MovieAppTests.xctest */ = {isa = PBXFileReference; explicitFileType = wrapper.cfbundle; includeInIndex = 0; path = MovieAppTests.xctest; sourceTree = BUILT_PRODUCTS_DIR; };
		696FC7012AE8E502005181B9 /* MovieAppUITests.xctest */ = {isa = PBXFileReference; explicitFileType = wrapper.cfbundle; includeInIndex = 0; path = MovieAppUITests.xctest; sourceTree = BUILT_PRODUCTS_DIR; };
		696FC7052AE8E502005181B9 /* MovieAppUITests.swift */ = {isa = PBXFileReference; lastKnownFileType = sourcecode.swift; path = MovieAppUITests.swift; sourceTree = "<group>"; };
		696FC7072AE8E502005181B9 /* MovieAppUITestsLaunchTests.swift */ = {isa = PBXFileReference; lastKnownFileType = sourcecode.swift; path = MovieAppUITestsLaunchTests.swift; sourceTree = "<group>"; };
		697F18DB2AEA374E001492C2 /* EndPointTVShow.swift */ = {isa = PBXFileReference; lastKnownFileType = sourcecode.swift; path = EndPointTVShow.swift; sourceTree = "<group>"; };
		697F18DF2AEA37BE001492C2 /* EndPointCast.swift */ = {isa = PBXFileReference; lastKnownFileType = sourcecode.swift; path = EndPointCast.swift; sourceTree = "<group>"; };
		697F18E22AEA3F91001492C2 /* TVShowEntity.swift */ = {isa = PBXFileReference; lastKnownFileType = sourcecode.swift; path = TVShowEntity.swift; sourceTree = "<group>"; };
		697F18E42AEA44B1001492C2 /* TVShowByIDEntity.swift */ = {isa = PBXFileReference; lastKnownFileType = sourcecode.swift; path = TVShowByIDEntity.swift; sourceTree = "<group>"; };
		697F18E62AEA5CEB001492C2 /* CastEntity.swift */ = {isa = PBXFileReference; lastKnownFileType = sourcecode.swift; path = CastEntity.swift; sourceTree = "<group>"; };
		697F18E92AEA5FA0001492C2 /* CastDetailsByIdEntity.swift */ = {isa = PBXFileReference; lastKnownFileType = sourcecode.swift; path = CastDetailsByIdEntity.swift; sourceTree = "<group>"; };
		697F18EB2AEA6200001492C2 /* CastMovieTVModel.swift */ = {isa = PBXFileReference; lastKnownFileType = sourcecode.swift; path = CastMovieTVModel.swift; sourceTree = "<group>"; };
		697F18ED2AEA6685001492C2 /* CastImagesByIdEntity.swift */ = {isa = PBXFileReference; lastKnownFileType = sourcecode.swift; path = CastImagesByIdEntity.swift; sourceTree = "<group>"; };
		697F18F02AEA7C71001492C2 /* HomePresenter.swift */ = {isa = PBXFileReference; lastKnownFileType = sourcecode.swift; path = HomePresenter.swift; sourceTree = "<group>"; };
		697F18F22AEA7C84001492C2 /* HomeInteractor.swift */ = {isa = PBXFileReference; lastKnownFileType = sourcecode.swift; path = HomeInteractor.swift; sourceTree = "<group>"; };
		697F18F42AEA7C9C001492C2 /* HomeRouter.swift */ = {isa = PBXFileReference; lastKnownFileType = sourcecode.swift; path = HomeRouter.swift; sourceTree = "<group>"; };
		6991AF3E2AF0C49F00F1B7B6 /* HomeTableViewCell.swift */ = {isa = PBXFileReference; lastKnownFileType = sourcecode.swift; path = HomeTableViewCell.swift; sourceTree = "<group>"; };
		69B9CCA82AF6D8EC00ADADE5 /* LabelExtension.swift */ = {isa = PBXFileReference; lastKnownFileType = sourcecode.swift; path = LabelExtension.swift; sourceTree = "<group>"; };
		69D87BCB2AF8B00700CC7D27 /* VideoModel.swift */ = {isa = PBXFileReference; lastKnownFileType = sourcecode.swift; path = VideoModel.swift; sourceTree = "<group>"; };
		69D87BCD2AF8C7BA00CC7D27 /* DataError.swift */ = {isa = PBXFileReference; lastKnownFileType = sourcecode.swift; path = DataError.swift; sourceTree = "<group>"; };
		69D87BD52AF8F95A00CC7D27 /* PopularMovieMockData.swift */ = {isa = PBXFileReference; lastKnownFileType = sourcecode.swift; path = PopularMovieMockData.swift; sourceTree = "<group>"; };
		69D87BD72AF8FADF00CC7D27 /* MovieRepoMock.swift */ = {isa = PBXFileReference; lastKnownFileType = sourcecode.swift; path = MovieRepoMock.swift; sourceTree = "<group>"; };
		69EC094E2AE8EC6400605495 /* MovieEntity.swift */ = {isa = PBXFileReference; lastKnownFileType = sourcecode.swift; path = MovieEntity.swift; sourceTree = "<group>"; };
		69EC09512AE8F05E00605495 /* APIManager.swift */ = {isa = PBXFileReference; lastKnownFileType = sourcecode.swift; path = APIManager.swift; sourceTree = "<group>"; };
		69EC09562AE9018300605495 /* EndPointAPIType.swift */ = {isa = PBXFileReference; lastKnownFileType = sourcecode.swift; path = EndPointAPIType.swift; sourceTree = "<group>"; };
		69EC09582AE9022D00605495 /* EndPointMovie.swift */ = {isa = PBXFileReference; lastKnownFileType = sourcecode.swift; path = EndPointMovie.swift; sourceTree = "<group>"; };
		69EC095B2AE9056900605495 /* Constants.swift */ = {isa = PBXFileReference; lastKnownFileType = sourcecode.swift; path = Constants.swift; sourceTree = "<group>"; };
		69EC09602AE91BB200605495 /* MovieByIDEntity.swift */ = {isa = PBXFileReference; lastKnownFileType = sourcecode.swift; path = MovieByIDEntity.swift; sourceTree = "<group>"; };
		69EFA3032AEF7AD100AB8995 /* MovieAppCollectionView.swift */ = {isa = PBXFileReference; lastKnownFileType = sourcecode.swift; path = MovieAppCollectionView.swift; sourceTree = "<group>"; };
		69EFA3052AEFA7AA00AB8995 /* MovieAppCollectionViewCell.swift */ = {isa = PBXFileReference; lastKnownFileType = sourcecode.swift; path = MovieAppCollectionViewCell.swift; sourceTree = "<group>"; };
		69F21EE52AEE74D10069595B /* ImageViewExtension.swift */ = {isa = PBXFileReference; lastKnownFileType = sourcecode.swift; path = ImageViewExtension.swift; sourceTree = "<group>"; };
		69F37B502AF4CB6D0008D539 /* StringExtension.swift */ = {isa = PBXFileReference; lastKnownFileType = sourcecode.swift; path = StringExtension.swift; sourceTree = "<group>"; };
		69F37B522AF4F5DB0008D539 /* TVShowDetailsRouter.swift */ = {isa = PBXFileReference; lastKnownFileType = sourcecode.swift; path = TVShowDetailsRouter.swift; sourceTree = "<group>"; };
		69F37B542AF4F5F30008D539 /* TVShowDetailsInteractor.swift */ = {isa = PBXFileReference; lastKnownFileType = sourcecode.swift; path = TVShowDetailsInteractor.swift; sourceTree = "<group>"; };
		69F37B562AF4F6050008D539 /* TVShowDetailsPresenter.swift */ = {isa = PBXFileReference; lastKnownFileType = sourcecode.swift; path = TVShowDetailsPresenter.swift; sourceTree = "<group>"; };
		69F37B582AF4F61C0008D539 /* TVShowDetailsViewController.swift */ = {isa = PBXFileReference; lastKnownFileType = sourcecode.swift; path = TVShowDetailsViewController.swift; sourceTree = "<group>"; };
		69F37B5A2AF512B10008D539 /* CastDetailsViewController.swift */ = {isa = PBXFileReference; lastKnownFileType = sourcecode.swift; path = CastDetailsViewController.swift; sourceTree = "<group>"; };
		69F37B5C2AF512C80008D539 /* CastDetailsPresenter.swift */ = {isa = PBXFileReference; lastKnownFileType = sourcecode.swift; path = CastDetailsPresenter.swift; sourceTree = "<group>"; };
		69F37B5E2AF512D70008D539 /* CastDetailsRouter.swift */ = {isa = PBXFileReference; lastKnownFileType = sourcecode.swift; path = CastDetailsRouter.swift; sourceTree = "<group>"; };
		69F37B602AF512E90008D539 /* CastDetailsInteractor.swift */ = {isa = PBXFileReference; lastKnownFileType = sourcecode.swift; path = CastDetailsInteractor.swift; sourceTree = "<group>"; };
		69FD445B2AFB48E400EDFDAC /* HomeTests.swift */ = {isa = PBXFileReference; lastKnownFileType = sourcecode.swift; path = HomeTests.swift; sourceTree = "<group>"; };
		69FD445E2AFB4E0500EDFDAC /* MovieAppTests.swift */ = {isa = PBXFileReference; lastKnownFileType = sourcecode.swift; path = MovieAppTests.swift; sourceTree = "<group>"; };
		6D0D3E98DB3760BC18C8519E /* Pods-MovieApp.release.xcconfig */ = {isa = PBXFileReference; includeInIndex = 1; lastKnownFileType = text.xcconfig; name = "Pods-MovieApp.release.xcconfig"; path = "Target Support Files/Pods-MovieApp/Pods-MovieApp.release.xcconfig"; sourceTree = "<group>"; };
		77296E8F7187B158B367CF9D /* Pods-MovieAppTests.debug.xcconfig */ = {isa = PBXFileReference; includeInIndex = 1; lastKnownFileType = text.xcconfig; name = "Pods-MovieAppTests.debug.xcconfig"; path = "Target Support Files/Pods-MovieAppTests/Pods-MovieAppTests.debug.xcconfig"; sourceTree = "<group>"; };
		814D5B676524442EB12E93F8 /* Pods_MovieApp_MovieAppUITests.framework */ = {isa = PBXFileReference; explicitFileType = wrapper.framework; includeInIndex = 0; path = Pods_MovieApp_MovieAppUITests.framework; sourceTree = BUILT_PRODUCTS_DIR; };
		93EDAED0AA74CAACF686AC2A /* Pods-MovieApp-MovieAppUITests.release.xcconfig */ = {isa = PBXFileReference; includeInIndex = 1; lastKnownFileType = text.xcconfig; name = "Pods-MovieApp-MovieAppUITests.release.xcconfig"; path = "Target Support Files/Pods-MovieApp-MovieAppUITests/Pods-MovieApp-MovieAppUITests.release.xcconfig"; sourceTree = "<group>"; };
		CD083F304C9C3B590205E470 /* Pods_MovieApp.framework */ = {isa = PBXFileReference; explicitFileType = wrapper.framework; includeInIndex = 0; path = Pods_MovieApp.framework; sourceTree = BUILT_PRODUCTS_DIR; };
		D63AE8C734D5C03C77D0C5FC /* Pods-MovieApp-MovieAppUITests.debug.xcconfig */ = {isa = PBXFileReference; includeInIndex = 1; lastKnownFileType = text.xcconfig; name = "Pods-MovieApp-MovieAppUITests.debug.xcconfig"; path = "Target Support Files/Pods-MovieApp-MovieAppUITests/Pods-MovieApp-MovieAppUITests.debug.xcconfig"; sourceTree = "<group>"; };
		D6E8B285BDE53D2DBBC9F493 /* Pods-MovieAppTests.release.xcconfig */ = {isa = PBXFileReference; includeInIndex = 1; lastKnownFileType = text.xcconfig; name = "Pods-MovieAppTests.release.xcconfig"; path = "Target Support Files/Pods-MovieAppTests/Pods-MovieAppTests.release.xcconfig"; sourceTree = "<group>"; };
/* End PBXFileReference section */

/* Begin PBXFrameworksBuildPhase section */
		696FC6DB2AE8E501005181B9 /* Frameworks */ = {
			isa = PBXFrameworksBuildPhase;
			buildActionMask = 2147483647;
			files = (
				48CA682ACE3C4BE25543878C /* Pods_MovieApp.framework in Frameworks */,
			);
			runOnlyForDeploymentPostprocessing = 0;
		};
		696FC6F42AE8E502005181B9 /* Frameworks */ = {
			isa = PBXFrameworksBuildPhase;
			buildActionMask = 2147483647;
			files = (
				1BB0C19AF9E386A254782341 /* Pods_MovieAppTests.framework in Frameworks */,
			);
			runOnlyForDeploymentPostprocessing = 0;
		};
		696FC6FE2AE8E502005181B9 /* Frameworks */ = {
			isa = PBXFrameworksBuildPhase;
			buildActionMask = 2147483647;
			files = (
				30B8736FA2648607725B1585 /* Pods_MovieApp_MovieAppUITests.framework in Frameworks */,
			);
			runOnlyForDeploymentPostprocessing = 0;
		};
/* End PBXFrameworksBuildPhase section */

/* Begin PBXGroup section */
		691DCF992AFA096800DB4CAC /* MovieAppClasses */ = {
			isa = PBXGroup;
			children = (
				69332C512AEB8D8D00518C69 /* MovieAppTabBarController.swift */,
				69EFA3032AEF7AD100AB8995 /* MovieAppCollectionView.swift */,
				69EFA3052AEFA7AA00AB8995 /* MovieAppCollectionViewCell.swift */,
				693EDD012AF7C20F001D3D12 /* YoutubeCollectionViewCell.swift */,
				6916E6572AF3B862001FF7F7 /* MovieAppDetailsView.swift */,
				693EDD062AF81E15001D3D12 /* CellDataObject.swift */,
			);
			path = MovieAppClasses;
			sourceTree = "<group>";
		};
		6924F9592AFBFD2000EC1B42 /* TVShows */ = {
			isa = PBXGroup;
			children = (
				6924F9532AFB966B00EC1B42 /* PopularTVShowMockData.swift */,
				6924F9552AFB9D6300EC1B42 /* TVShowDetailsMockData.swift */,
				6924F95B2AFBFD9800EC1B42 /* TVShowVideoMockData.swift */,
			);
			path = TVShows;
			sourceTree = "<group>";
		};
		6924F95A2AFBFD2C00EC1B42 /* Casts */ = {
			isa = PBXGroup;
			children = (
				6924F9572AFB9D7100EC1B42 /* CastDetailsMockData.swift */,
				6924F95F2AFC024900EC1B42 /* CastMovieMockData.swift */,
				6924F9612AFC026100EC1B42 /* CastTVShowMockData.swift */,
				6924F9632AFC027900EC1B42 /* CastCombineMockData.swift */,
				6924F9652AFC029100EC1B42 /* CastImageMockData.swift */,
			);
			path = Casts;
			sourceTree = "<group>";
		};
		69332C532AEBA1C100518C69 /* HomeView */ = {
			isa = PBXGroup;
			children = (
				69332C4F2AEB85D900518C69 /* HomeViewController.swift */,
				6991AF3E2AF0C49F00F1B7B6 /* HomeTableViewCell.swift */,
				692FA3B72AEC265700C265CE /* SectionHeaderView.swift */,
				696DBDB22AF2BEEA0019AA99 /* GenreCollectionViewCell.swift */,
			);
			path = HomeView;
			sourceTree = "<group>";
		};
		69332C582AEBB2FD00518C69 /* Fonts */ = {
			isa = PBXGroup;
			children = (
				69332C542AEBB2F700518C69 /* Inter-Medium.ttf */,
				69332C552AEBB2F700518C69 /* Inter-Light.ttf */,
			);
			path = Fonts;
			sourceTree = "<group>";
		};
		69332C592AEBB35600518C69 /* Extensions */ = {
			isa = PBXGroup;
			children = (
				69332C5A2AEBB36F00518C69 /* FontExtension.swift */,
				69F37B502AF4CB6D0008D539 /* StringExtension.swift */,
				69F21EE52AEE74D10069595B /* ImageViewExtension.swift */,
				69B9CCA82AF6D8EC00ADADE5 /* LabelExtension.swift */,
			);
			path = Extensions;
			sourceTree = "<group>";
		};
		696FC6D52AE8E501005181B9 = {
			isa = PBXGroup;
			children = (
				696FC6E02AE8E501005181B9 /* MovieApp */,
				696FC6FA2AE8E502005181B9 /* MovieAppTests */,
				696FC7042AE8E502005181B9 /* MovieAppUITests */,
				696FC6DF2AE8E501005181B9 /* Products */,
				842AFE21A5D80A8A11C6E42F /* Pods */,
				F23A225A9AA93F896A976956 /* Frameworks */,
			);
			sourceTree = "<group>";
		};
		696FC6DF2AE8E501005181B9 /* Products */ = {
			isa = PBXGroup;
			children = (
				696FC6DE2AE8E501005181B9 /* MovieApp.app */,
				696FC6F72AE8E502005181B9 /* MovieAppTests.xctest */,
				696FC7012AE8E502005181B9 /* MovieAppUITests.xctest */,
			);
			name = Products;
			sourceTree = "<group>";
		};
		696FC6E02AE8E501005181B9 /* MovieApp */ = {
			isa = PBXGroup;
			children = (
				69A9EC452AED590A007E0B59 /* Enums */,
				69332C582AEBB2FD00518C69 /* Fonts */,
				69332C592AEBB35600518C69 /* Extensions */,
				69EC095A2AE9054D00605495 /* Constants */,
				697F18F72AEA7DF0001492C2 /* Resources */,
				697F18F62AEA7DC3001492C2 /* SupportingFiles */,
				69EC09502AE8F04C00605495 /* Network */,
				69EC09552AE8FA3100605495 /* EndPoints */,
				69EC09632AE9401600605495 /* Screens */,
				696FC6F22AE8E502005181B9 /* Info.plist */,
				696FC6EA2AE8E501005181B9 /* MovieApp.xcdatamodeld */,
			);
			path = MovieApp;
			sourceTree = "<group>";
		};
		696FC6FA2AE8E502005181B9 /* MovieAppTests */ = {
			isa = PBXGroup;
			children = (
				69FD445A2AFB48CC00EDFDAC /* MovieAppTests */,
				69D87BD32AF8F90800CC7D27 /* MockRepo */,
				69D87BD22AF8F8F900CC7D27 /* MockData */,
			);
			path = MovieAppTests;
			sourceTree = "<group>";
		};
		696FC7042AE8E502005181B9 /* MovieAppUITests */ = {
			isa = PBXGroup;
			children = (
				696FC7052AE8E502005181B9 /* MovieAppUITests.swift */,
				696FC7072AE8E502005181B9 /* MovieAppUITestsLaunchTests.swift */,
			);
			path = MovieAppUITests;
			sourceTree = "<group>";
		};
		697F18D52AEA3625001492C2 /* TVShows */ = {
			isa = PBXGroup;
			children = (
				69332C642AEBBB4B00518C69 /* TVShowsViewController.swift */,
				69332C662AEBBB5800518C69 /* TVShowsPresenter.swift */,
				69332C682AEBBB6C00518C69 /* TVShowsInteractor.swift */,
				69332C6A2AEBBB7900518C69 /* TVShowsRouter.swift */,
				697F18E22AEA3F91001492C2 /* TVShowEntity.swift */,
			);
			path = TVShows;
			sourceTree = "<group>";
		};
		697F18D62AEA3636001492C2 /* MovieDetails */ = {
			isa = PBXGroup;
			children = (
				6916E6552AF38482001FF7F7 /* MovieDetailsViewController.swift */,
				6916E6532AF364E4001FF7F7 /* MovieDetailsPresenter.swift */,
				6916E6512AF364CD001FF7F7 /* MovieDetailsInteractor.swift */,
				6916E64F2AF36394001FF7F7 /* MovieDetailsRouter.swift */,
				69EC09602AE91BB200605495 /* MovieByIDEntity.swift */,
			);
			path = MovieDetails;
			sourceTree = "<group>";
		};
		697F18D72AEA3641001492C2 /* TVShowDetails */ = {
			isa = PBXGroup;
			children = (
				69F37B582AF4F61C0008D539 /* TVShowDetailsViewController.swift */,
				69F37B562AF4F6050008D539 /* TVShowDetailsPresenter.swift */,
				69F37B542AF4F5F30008D539 /* TVShowDetailsInteractor.swift */,
				69F37B522AF4F5DB0008D539 /* TVShowDetailsRouter.swift */,
				697F18E42AEA44B1001492C2 /* TVShowByIDEntity.swift */,
			);
			path = TVShowDetails;
			sourceTree = "<group>";
		};
		697F18D82AEA3654001492C2 /* CastDetails */ = {
			isa = PBXGroup;
			children = (
				69F37B5A2AF512B10008D539 /* CastDetailsViewController.swift */,
				69F37B5C2AF512C80008D539 /* CastDetailsPresenter.swift */,
				69F37B602AF512E90008D539 /* CastDetailsInteractor.swift */,
				69F37B5E2AF512D70008D539 /* CastDetailsRouter.swift */,
				697F18E82AEA5CF2001492C2 /* Entities */,
			);
			path = CastDetails;
			sourceTree = "<group>";
		};
		697F18E82AEA5CF2001492C2 /* Entities */ = {
			isa = PBXGroup;
			children = (
				697F18E62AEA5CEB001492C2 /* CastEntity.swift */,
				697F18E92AEA5FA0001492C2 /* CastDetailsByIdEntity.swift */,
				697F18ED2AEA6685001492C2 /* CastImagesByIdEntity.swift */,
				697F18EB2AEA6200001492C2 /* CastMovieTVModel.swift */,
				69D87BCB2AF8B00700CC7D27 /* VideoModel.swift */,
			);
			path = Entities;
			sourceTree = "<group>";
		};
		697F18F62AEA7DC3001492C2 /* SupportingFiles */ = {
			isa = PBXGroup;
			children = (
				696FC6E12AE8E501005181B9 /* AppDelegate.swift */,
				696FC6E32AE8E501005181B9 /* SceneDelegate.swift */,
				696FC6E72AE8E501005181B9 /* Main.storyboard */,
				696FC6EF2AE8E502005181B9 /* LaunchScreen.storyboard */,
			);
			path = SupportingFiles;
			sourceTree = "<group>";
		};
		697F18F72AEA7DF0001492C2 /* Resources */ = {
			isa = PBXGroup;
			children = (
				696FC6ED2AE8E502005181B9 /* Assets.xcassets */,
			);
			path = Resources;
			sourceTree = "<group>";
		};
		69A9EC452AED590A007E0B59 /* Enums */ = {
			isa = PBXGroup;
			children = (
				693EDD042AF7F0D1001D3D12 /* MovieTypesEnum.swift */,
				69D87BCD2AF8C7BA00CC7D27 /* DataError.swift */,
			);
			path = Enums;
			sourceTree = "<group>";
		};
		69D87BD22AF8F8F900CC7D27 /* MockData */ = {
			isa = PBXGroup;
			children = (
				69D87BD42AF8F93B00CC7D27 /* Movies */,
				6924F9592AFBFD2000EC1B42 /* TVShows */,
				6924F95A2AFBFD2C00EC1B42 /* Casts */,
			);
			path = MockData;
			sourceTree = "<group>";
		};
		69D87BD32AF8F90800CC7D27 /* MockRepo */ = {
			isa = PBXGroup;
			children = (
				69D87BD72AF8FADF00CC7D27 /* MovieRepoMock.swift */,
			);
			path = MockRepo;
			sourceTree = "<group>";
		};
		69D87BD42AF8F93B00CC7D27 /* Movies */ = {
			isa = PBXGroup;
			children = (
				6924F9512AFB92BC00EC1B42 /* TopRatedMovieMockData.swift */,
				69D87BD52AF8F95A00CC7D27 /* PopularMovieMockData.swift */,
				6924F9432AFB570100EC1B42 /* MovieDetailsMockData.swift */,
				6924F95D2AFC004500EC1B42 /* MovieVideoMockData.swift */,
			);
			path = Movies;
			sourceTree = "<group>";
		};
		69EC094D2AE8EBA900605495 /* Home */ = {
			isa = PBXGroup;
			children = (
				69332C532AEBA1C100518C69 /* HomeView */,
				697F18F02AEA7C71001492C2 /* HomePresenter.swift */,
				697F18F22AEA7C84001492C2 /* HomeInteractor.swift */,
				697F18F42AEA7C9C001492C2 /* HomeRouter.swift */,
				69EC094E2AE8EC6400605495 /* MovieEntity.swift */,
			);
			path = Home;
			sourceTree = "<group>";
		};
		69EC09502AE8F04C00605495 /* Network */ = {
			isa = PBXGroup;
			children = (
				69EC09512AE8F05E00605495 /* APIManager.swift */,
				691DCF9A2AFA32C900DB4CAC /* MovieAppRepository.swift */,
			);
			path = Network;
			sourceTree = "<group>";
		};
		69EC09552AE8FA3100605495 /* EndPoints */ = {
			isa = PBXGroup;
			children = (
				69EC09562AE9018300605495 /* EndPointAPIType.swift */,
				69EC09582AE9022D00605495 /* EndPointMovie.swift */,
				697F18DB2AEA374E001492C2 /* EndPointTVShow.swift */,
				697F18DF2AEA37BE001492C2 /* EndPointCast.swift */,
			);
			path = EndPoints;
			sourceTree = "<group>";
		};
		69EC095A2AE9054D00605495 /* Constants */ = {
			isa = PBXGroup;
			children = (
				69EC095B2AE9056900605495 /* Constants.swift */,
			);
			path = Constants;
			sourceTree = "<group>";
		};
		69EC09632AE9401600605495 /* Screens */ = {
			isa = PBXGroup;
			children = (
				691DCF992AFA096800DB4CAC /* MovieAppClasses */,
				69EC094D2AE8EBA900605495 /* Home */,
				69EC09642AE9402D00605495 /* Movies */,
				697F18D52AEA3625001492C2 /* TVShows */,
				697F18D62AEA3636001492C2 /* MovieDetails */,
				697F18D72AEA3641001492C2 /* TVShowDetails */,
				697F18D82AEA3654001492C2 /* CastDetails */,
			);
			path = Screens;
			sourceTree = "<group>";
		};
		69EC09642AE9402D00605495 /* Movies */ = {
			isa = PBXGroup;
			children = (
				69332C5C2AEBBAFC00518C69 /* MovieViewController.swift */,
				69332C5E2AEBBB0A00518C69 /* MoviePresenter.swift */,
				69332C602AEBBB1F00518C69 /* MovieInteractor.swift */,
				69332C622AEBBB2A00518C69 /* MovieRouter.swift */,
			);
			path = Movies;
			sourceTree = "<group>";
		};
		69FD445A2AFB48CC00EDFDAC /* MovieAppTests */ = {
			isa = PBXGroup;
			children = (
				69FD445E2AFB4E0500EDFDAC /* MovieAppTests.swift */,
				69FD445B2AFB48E400EDFDAC /* HomeTests.swift */,
				6924F9492AFB90FF00EC1B42 /* MovieTests.swift */,
				6924F94B2AFB913800EC1B42 /* TVShowTests.swift */,
				6924F9452AFB58BF00EC1B42 /* MovieDetailsTests.swift */,
				6924F94D2AFB915B00EC1B42 /* TVShowDetailsTests.swift */,
				6924F94F2AFB916700EC1B42 /* CastDetailsTests.swift */,
			);
			path = MovieAppTests;
			sourceTree = "<group>";
		};
		842AFE21A5D80A8A11C6E42F /* Pods */ = {
			isa = PBXGroup;
			children = (
				154D2E3F60DCB7959C3D9728 /* Pods-MovieApp.debug.xcconfig */,
				6D0D3E98DB3760BC18C8519E /* Pods-MovieApp.release.xcconfig */,
				D63AE8C734D5C03C77D0C5FC /* Pods-MovieApp-MovieAppUITests.debug.xcconfig */,
				93EDAED0AA74CAACF686AC2A /* Pods-MovieApp-MovieAppUITests.release.xcconfig */,
				77296E8F7187B158B367CF9D /* Pods-MovieAppTests.debug.xcconfig */,
				D6E8B285BDE53D2DBBC9F493 /* Pods-MovieAppTests.release.xcconfig */,
			);
			path = Pods;
			sourceTree = "<group>";
		};
		F23A225A9AA93F896A976956 /* Frameworks */ = {
			isa = PBXGroup;
			children = (
				CD083F304C9C3B590205E470 /* Pods_MovieApp.framework */,
				814D5B676524442EB12E93F8 /* Pods_MovieApp_MovieAppUITests.framework */,
				0B644D5621D031DE12CADA40 /* Pods_MovieAppTests.framework */,
			);
			name = Frameworks;
			sourceTree = "<group>";
		};
/* End PBXGroup section */

/* Begin PBXNativeTarget section */
		696FC6DD2AE8E501005181B9 /* MovieApp */ = {
			isa = PBXNativeTarget;
			buildConfigurationList = 696FC70B2AE8E502005181B9 /* Build configuration list for PBXNativeTarget "MovieApp" */;
			buildPhases = (
				21D6A9610B7AF9FC2D895909 /* [CP] Check Pods Manifest.lock */,
				696FC6DA2AE8E501005181B9 /* Sources */,
				696FC6DB2AE8E501005181B9 /* Frameworks */,
				696FC6DC2AE8E501005181B9 /* Resources */,
				69EC09622AE92BE100605495 /* Run SwiftLint */,
				A2C20141BACC2DE686DBADA8 /* [CP] Embed Pods Frameworks */,
			);
			buildRules = (
			);
			dependencies = (
			);
			name = MovieApp;
			productName = MovieApp;
			productReference = 696FC6DE2AE8E501005181B9 /* MovieApp.app */;
			productType = "com.apple.product-type.application";
		};
		696FC6F62AE8E502005181B9 /* MovieAppTests */ = {
			isa = PBXNativeTarget;
			buildConfigurationList = 696FC70E2AE8E502005181B9 /* Build configuration list for PBXNativeTarget "MovieAppTests" */;
			buildPhases = (
				FB717B45F3F15162AC46758F /* [CP] Check Pods Manifest.lock */,
				696FC6F32AE8E502005181B9 /* Sources */,
				696FC6F42AE8E502005181B9 /* Frameworks */,
				696FC6F52AE8E502005181B9 /* Resources */,
			);
			buildRules = (
			);
			dependencies = (
				696FC6F92AE8E502005181B9 /* PBXTargetDependency */,
			);
			name = MovieAppTests;
			productName = MovieAppTests;
			productReference = 696FC6F72AE8E502005181B9 /* MovieAppTests.xctest */;
			productType = "com.apple.product-type.bundle.unit-test";
		};
		696FC7002AE8E502005181B9 /* MovieAppUITests */ = {
			isa = PBXNativeTarget;
			buildConfigurationList = 696FC7112AE8E502005181B9 /* Build configuration list for PBXNativeTarget "MovieAppUITests" */;
			buildPhases = (
				51B18C9324FA72F229112426 /* [CP] Check Pods Manifest.lock */,
				696FC6FD2AE8E502005181B9 /* Sources */,
				696FC6FE2AE8E502005181B9 /* Frameworks */,
				696FC6FF2AE8E502005181B9 /* Resources */,
				A94250E079625BA6E38AF594 /* [CP] Embed Pods Frameworks */,
			);
			buildRules = (
			);
			dependencies = (
				696FC7032AE8E502005181B9 /* PBXTargetDependency */,
			);
			name = MovieAppUITests;
			productName = MovieAppUITests;
			productReference = 696FC7012AE8E502005181B9 /* MovieAppUITests.xctest */;
			productType = "com.apple.product-type.bundle.ui-testing";
		};
/* End PBXNativeTarget section */

/* Begin PBXProject section */
		696FC6D62AE8E501005181B9 /* Project object */ = {
			isa = PBXProject;
			attributes = {
				BuildIndependentTargetsInParallel = 1;
				LastSwiftUpdateCheck = 1500;
				LastUpgradeCheck = 1500;
				TargetAttributes = {
					696FC6DD2AE8E501005181B9 = {
						CreatedOnToolsVersion = 15.0.1;
					};
					696FC6F62AE8E502005181B9 = {
						CreatedOnToolsVersion = 15.0.1;
						TestTargetID = 696FC6DD2AE8E501005181B9;
					};
					696FC7002AE8E502005181B9 = {
						CreatedOnToolsVersion = 15.0.1;
						TestTargetID = 696FC6DD2AE8E501005181B9;
					};
				};
			};
			buildConfigurationList = 696FC6D92AE8E501005181B9 /* Build configuration list for PBXProject "MovieApp" */;
			compatibilityVersion = "Xcode 14.0";
			developmentRegion = en;
			hasScannedForEncodings = 0;
			knownRegions = (
				en,
				Base,
			);
			mainGroup = 696FC6D52AE8E501005181B9;
			productRefGroup = 696FC6DF2AE8E501005181B9 /* Products */;
			projectDirPath = "";
			projectRoot = "";
			targets = (
				696FC6DD2AE8E501005181B9 /* MovieApp */,
				696FC6F62AE8E502005181B9 /* MovieAppTests */,
				696FC7002AE8E502005181B9 /* MovieAppUITests */,
			);
		};
/* End PBXProject section */

/* Begin PBXResourcesBuildPhase section */
		696FC6DC2AE8E501005181B9 /* Resources */ = {
			isa = PBXResourcesBuildPhase;
			buildActionMask = 2147483647;
			files = (
				69332C572AEBB2F700518C69 /* Inter-Light.ttf in Resources */,
				69332C562AEBB2F700518C69 /* Inter-Medium.ttf in Resources */,
				696FC6F12AE8E502005181B9 /* LaunchScreen.storyboard in Resources */,
				696FC6EE2AE8E502005181B9 /* Assets.xcassets in Resources */,
				696FC6E92AE8E501005181B9 /* Main.storyboard in Resources */,
			);
			runOnlyForDeploymentPostprocessing = 0;
		};
		696FC6F52AE8E502005181B9 /* Resources */ = {
			isa = PBXResourcesBuildPhase;
			buildActionMask = 2147483647;
			files = (
			);
			runOnlyForDeploymentPostprocessing = 0;
		};
		696FC6FF2AE8E502005181B9 /* Resources */ = {
			isa = PBXResourcesBuildPhase;
			buildActionMask = 2147483647;
			files = (
			);
			runOnlyForDeploymentPostprocessing = 0;
		};
/* End PBXResourcesBuildPhase section */

/* Begin PBXShellScriptBuildPhase section */
		21D6A9610B7AF9FC2D895909 /* [CP] Check Pods Manifest.lock */ = {
			isa = PBXShellScriptBuildPhase;
			buildActionMask = 2147483647;
			files = (
			);
			inputFileListPaths = (
			);
			inputPaths = (
				"${PODS_PODFILE_DIR_PATH}/Podfile.lock",
				"${PODS_ROOT}/Manifest.lock",
			);
			name = "[CP] Check Pods Manifest.lock";
			outputFileListPaths = (
			);
			outputPaths = (
				"$(DERIVED_FILE_DIR)/Pods-MovieApp-checkManifestLockResult.txt",
			);
			runOnlyForDeploymentPostprocessing = 0;
			shellPath = /bin/sh;
			shellScript = "diff \"${PODS_PODFILE_DIR_PATH}/Podfile.lock\" \"${PODS_ROOT}/Manifest.lock\" > /dev/null\nif [ $? != 0 ] ; then\n    # print error to STDERR\n    echo \"error: The sandbox is not in sync with the Podfile.lock. Run 'pod install' or update your CocoaPods installation.\" >&2\n    exit 1\nfi\n# This output is used by Xcode 'outputs' to avoid re-running this script phase.\necho \"SUCCESS\" > \"${SCRIPT_OUTPUT_FILE_0}\"\n";
			showEnvVarsInLog = 0;
		};
		51B18C9324FA72F229112426 /* [CP] Check Pods Manifest.lock */ = {
			isa = PBXShellScriptBuildPhase;
			buildActionMask = 2147483647;
			files = (
			);
			inputFileListPaths = (
			);
			inputPaths = (
				"${PODS_PODFILE_DIR_PATH}/Podfile.lock",
				"${PODS_ROOT}/Manifest.lock",
			);
			name = "[CP] Check Pods Manifest.lock";
			outputFileListPaths = (
			);
			outputPaths = (
				"$(DERIVED_FILE_DIR)/Pods-MovieApp-MovieAppUITests-checkManifestLockResult.txt",
			);
			runOnlyForDeploymentPostprocessing = 0;
			shellPath = /bin/sh;
			shellScript = "diff \"${PODS_PODFILE_DIR_PATH}/Podfile.lock\" \"${PODS_ROOT}/Manifest.lock\" > /dev/null\nif [ $? != 0 ] ; then\n    # print error to STDERR\n    echo \"error: The sandbox is not in sync with the Podfile.lock. Run 'pod install' or update your CocoaPods installation.\" >&2\n    exit 1\nfi\n# This output is used by Xcode 'outputs' to avoid re-running this script phase.\necho \"SUCCESS\" > \"${SCRIPT_OUTPUT_FILE_0}\"\n";
			showEnvVarsInLog = 0;
		};
		69EC09622AE92BE100605495 /* Run SwiftLint */ = {
			isa = PBXShellScriptBuildPhase;
			buildActionMask = 2147483647;
			files = (
			);
			inputFileListPaths = (
			);
			inputPaths = (
			);
			name = "Run SwiftLint";
			outputFileListPaths = (
			);
			outputPaths = (
			);
			runOnlyForDeploymentPostprocessing = 0;
			shellPath = /bin/sh;
			shellScript = "\"${PODS_ROOT}/SwiftLint/swiftlint\"\n";
		};
		A2C20141BACC2DE686DBADA8 /* [CP] Embed Pods Frameworks */ = {
			isa = PBXShellScriptBuildPhase;
			buildActionMask = 2147483647;
			files = (
			);
			inputFileListPaths = (
				"${PODS_ROOT}/Target Support Files/Pods-MovieApp/Pods-MovieApp-frameworks-${CONFIGURATION}-input-files.xcfilelist",
			);
			name = "[CP] Embed Pods Frameworks";
			outputFileListPaths = (
				"${PODS_ROOT}/Target Support Files/Pods-MovieApp/Pods-MovieApp-frameworks-${CONFIGURATION}-output-files.xcfilelist",
			);
			runOnlyForDeploymentPostprocessing = 0;
			shellPath = /bin/sh;
			shellScript = "\"${PODS_ROOT}/Target Support Files/Pods-MovieApp/Pods-MovieApp-frameworks.sh\"\n";
			showEnvVarsInLog = 0;
		};
		A94250E079625BA6E38AF594 /* [CP] Embed Pods Frameworks */ = {
			isa = PBXShellScriptBuildPhase;
			buildActionMask = 2147483647;
			files = (
			);
			inputFileListPaths = (
				"${PODS_ROOT}/Target Support Files/Pods-MovieApp-MovieAppUITests/Pods-MovieApp-MovieAppUITests-frameworks-${CONFIGURATION}-input-files.xcfilelist",
			);
			name = "[CP] Embed Pods Frameworks";
			outputFileListPaths = (
				"${PODS_ROOT}/Target Support Files/Pods-MovieApp-MovieAppUITests/Pods-MovieApp-MovieAppUITests-frameworks-${CONFIGURATION}-output-files.xcfilelist",
			);
			runOnlyForDeploymentPostprocessing = 0;
			shellPath = /bin/sh;
			shellScript = "\"${PODS_ROOT}/Target Support Files/Pods-MovieApp-MovieAppUITests/Pods-MovieApp-MovieAppUITests-frameworks.sh\"\n";
			showEnvVarsInLog = 0;
		};
		FB717B45F3F15162AC46758F /* [CP] Check Pods Manifest.lock */ = {
			isa = PBXShellScriptBuildPhase;
			buildActionMask = 2147483647;
			files = (
			);
			inputFileListPaths = (
			);
			inputPaths = (
				"${PODS_PODFILE_DIR_PATH}/Podfile.lock",
				"${PODS_ROOT}/Manifest.lock",
			);
			name = "[CP] Check Pods Manifest.lock";
			outputFileListPaths = (
			);
			outputPaths = (
				"$(DERIVED_FILE_DIR)/Pods-MovieAppTests-checkManifestLockResult.txt",
			);
			runOnlyForDeploymentPostprocessing = 0;
			shellPath = /bin/sh;
			shellScript = "diff \"${PODS_PODFILE_DIR_PATH}/Podfile.lock\" \"${PODS_ROOT}/Manifest.lock\" > /dev/null\nif [ $? != 0 ] ; then\n    # print error to STDERR\n    echo \"error: The sandbox is not in sync with the Podfile.lock. Run 'pod install' or update your CocoaPods installation.\" >&2\n    exit 1\nfi\n# This output is used by Xcode 'outputs' to avoid re-running this script phase.\necho \"SUCCESS\" > \"${SCRIPT_OUTPUT_FILE_0}\"\n";
			showEnvVarsInLog = 0;
		};
/* End PBXShellScriptBuildPhase section */

/* Begin PBXSourcesBuildPhase section */
		696FC6DA2AE8E501005181B9 /* Sources */ = {
			isa = PBXSourcesBuildPhase;
			buildActionMask = 2147483647;
			files = (
				69EC09522AE8F05E00605495 /* APIManager.swift in Sources */,
				697F18E52AEA44B1001492C2 /* TVShowByIDEntity.swift in Sources */,
				69332C672AEBBB5800518C69 /* TVShowsPresenter.swift in Sources */,
				69332C502AEB85D900518C69 /* HomeViewController.swift in Sources */,
				69D87BD62AF8F95A00CC7D27 /* PopularMovieMockData.swift in Sources */,
				693EDD072AF81E15001D3D12 /* CellDataObject.swift in Sources */,
				69D87BCE2AF8C7BA00CC7D27 /* DataError.swift in Sources */,
				69B9CCA92AF6D8EC00ADADE5 /* LabelExtension.swift in Sources */,
				697F18EA2AEA5FA0001492C2 /* CastDetailsByIdEntity.swift in Sources */,
				697F18E02AEA37BE001492C2 /* EndPointCast.swift in Sources */,
				69332C5F2AEBBB0A00518C69 /* MoviePresenter.swift in Sources */,
				69F37B572AF4F6050008D539 /* TVShowDetailsPresenter.swift in Sources */,
				69F21EE62AEE74D10069595B /* ImageViewExtension.swift in Sources */,
				696FC6E22AE8E501005181B9 /* AppDelegate.swift in Sources */,
				697F18E32AEA3F91001492C2 /* TVShowEntity.swift in Sources */,
				697F18EC2AEA6200001492C2 /* CastMovieTVModel.swift in Sources */,
				696FC6EC2AE8E501005181B9 /* MovieApp.xcdatamodeld in Sources */,
				691DCF9B2AFA32C900DB4CAC /* MovieAppRepository.swift in Sources */,
				69F37B592AF4F61C0008D539 /* TVShowDetailsViewController.swift in Sources */,
				697F18F32AEA7C84001492C2 /* HomeInteractor.swift in Sources */,
				69F37B612AF512E90008D539 /* CastDetailsInteractor.swift in Sources */,
				69EC095C2AE9056900605495 /* Constants.swift in Sources */,
				69EC09572AE9018300605495 /* EndPointAPIType.swift in Sources */,
				69EFA3042AEF7AD100AB8995 /* MovieAppCollectionView.swift in Sources */,
				69332C6B2AEBBB7900518C69 /* TVShowsRouter.swift in Sources */,
				69F37B512AF4CB6D0008D539 /* StringExtension.swift in Sources */,
				697F18F12AEA7C71001492C2 /* HomePresenter.swift in Sources */,
				69F37B5D2AF512C80008D539 /* CastDetailsPresenter.swift in Sources */,
				69332C5D2AEBBAFC00518C69 /* MovieViewController.swift in Sources */,
				69EC09612AE91BB200605495 /* MovieByIDEntity.swift in Sources */,
				697F18E72AEA5CEB001492C2 /* CastEntity.swift in Sources */,
				697F18F52AEA7C9C001492C2 /* HomeRouter.swift in Sources */,
				6916E6562AF38482001FF7F7 /* MovieDetailsViewController.swift in Sources */,
				6916E6542AF364E4001FF7F7 /* MovieDetailsPresenter.swift in Sources */,
				69EC094F2AE8EC6400605495 /* MovieEntity.swift in Sources */,
				6991AF3F2AF0C49F00F1B7B6 /* HomeTableViewCell.swift in Sources */,
				696DBDB32AF2BEEA0019AA99 /* GenreCollectionViewCell.swift in Sources */,
				69D87BCC2AF8B00700CC7D27 /* VideoModel.swift in Sources */,
				69F37B552AF4F5F30008D539 /* TVShowDetailsInteractor.swift in Sources */,
				69F37B5F2AF512D70008D539 /* CastDetailsRouter.swift in Sources */,
				6916E6582AF3B862001FF7F7 /* MovieAppDetailsView.swift in Sources */,
				69F37B5B2AF512B10008D539 /* CastDetailsViewController.swift in Sources */,
				69332C632AEBBB2A00518C69 /* MovieRouter.swift in Sources */,
				697F18EE2AEA6685001492C2 /* CastImagesByIdEntity.swift in Sources */,
				69EFA3062AEFA7AA00AB8995 /* MovieAppCollectionViewCell.swift in Sources */,
				693EDD022AF7C20F001D3D12 /* YoutubeCollectionViewCell.swift in Sources */,
				692FA3B82AEC265700C265CE /* SectionHeaderView.swift in Sources */,
				69332C692AEBBB6C00518C69 /* TVShowsInteractor.swift in Sources */,
				696FC6E42AE8E501005181B9 /* SceneDelegate.swift in Sources */,
				6916E6502AF36395001FF7F7 /* MovieDetailsRouter.swift in Sources */,
				6916E6522AF364CD001FF7F7 /* MovieDetailsInteractor.swift in Sources */,
				697F18DC2AEA374E001492C2 /* EndPointTVShow.swift in Sources */,
				69332C612AEBBB1F00518C69 /* MovieInteractor.swift in Sources */,
				69332C5B2AEBB36F00518C69 /* FontExtension.swift in Sources */,
				69332C522AEB8D8D00518C69 /* MovieAppTabBarController.swift in Sources */,
				69F37B532AF4F5DB0008D539 /* TVShowDetailsRouter.swift in Sources */,
				693EDD052AF7F0D1001D3D12 /* MovieTypesEnum.swift in Sources */,
				69EC09592AE9022D00605495 /* EndPointMovie.swift in Sources */,
				69332C652AEBBB4B00518C69 /* TVShowsViewController.swift in Sources */,
			);
			runOnlyForDeploymentPostprocessing = 0;
		};
		696FC6F32AE8E502005181B9 /* Sources */ = {
			isa = PBXSourcesBuildPhase;
			buildActionMask = 2147483647;
			files = (
				69FD445C2AFB48E400EDFDAC /* HomeTests.swift in Sources */,
				6924F9622AFC026100EC1B42 /* CastTVShowMockData.swift in Sources */,
				6924F9602AFC024900EC1B42 /* CastMovieMockData.swift in Sources */,
				6924F95E2AFC004500EC1B42 /* MovieVideoMockData.swift in Sources */,
				6924F9462AFB58BF00EC1B42 /* MovieDetailsTests.swift in Sources */,
				69D87BD82AF8FADF00CC7D27 /* MovieRepoMock.swift in Sources */,
				6924F9542AFB966B00EC1B42 /* PopularTVShowMockData.swift in Sources */,
				6924F9662AFC029100EC1B42 /* CastImageMockData.swift in Sources */,
				69FD445F2AFB4E0500EDFDAC /* MovieAppTests.swift in Sources */,
				6924F9642AFC027900EC1B42 /* CastCombineMockData.swift in Sources */,
				6924F94E2AFB915B00EC1B42 /* TVShowDetailsTests.swift in Sources */,
				6924F9582AFB9D7100EC1B42 /* CastDetailsMockData.swift in Sources */,
				6924F9502AFB916700EC1B42 /* CastDetailsTests.swift in Sources */,
				6924F9562AFB9D6300EC1B42 /* TVShowDetailsMockData.swift in Sources */,
				6924F94C2AFB913800EC1B42 /* TVShowTests.swift in Sources */,
				6924F95C2AFBFD9800EC1B42 /* TVShowVideoMockData.swift in Sources */,
				6924F9442AFB570100EC1B42 /* MovieDetailsMockData.swift in Sources */,
				6924F9522AFB92BC00EC1B42 /* TopRatedMovieMockData.swift in Sources */,
				6924F94A2AFB90FF00EC1B42 /* MovieTests.swift in Sources */,
			);
			runOnlyForDeploymentPostprocessing = 0;
		};
		696FC6FD2AE8E502005181B9 /* Sources */ = {
			isa = PBXSourcesBuildPhase;
			buildActionMask = 2147483647;
			files = (
				696FC7082AE8E502005181B9 /* MovieAppUITestsLaunchTests.swift in Sources */,
				696FC7062AE8E502005181B9 /* MovieAppUITests.swift in Sources */,
			);
			runOnlyForDeploymentPostprocessing = 0;
		};
/* End PBXSourcesBuildPhase section */

/* Begin PBXTargetDependency section */
		696FC6F92AE8E502005181B9 /* PBXTargetDependency */ = {
			isa = PBXTargetDependency;
			target = 696FC6DD2AE8E501005181B9 /* MovieApp */;
			targetProxy = 696FC6F82AE8E502005181B9 /* PBXContainerItemProxy */;
		};
		696FC7032AE8E502005181B9 /* PBXTargetDependency */ = {
			isa = PBXTargetDependency;
			target = 696FC6DD2AE8E501005181B9 /* MovieApp */;
			targetProxy = 696FC7022AE8E502005181B9 /* PBXContainerItemProxy */;
		};
/* End PBXTargetDependency section */

/* Begin PBXVariantGroup section */
		696FC6E72AE8E501005181B9 /* Main.storyboard */ = {
			isa = PBXVariantGroup;
			children = (
				696FC6E82AE8E501005181B9 /* Base */,
			);
			name = Main.storyboard;
			sourceTree = "<group>";
		};
		696FC6EF2AE8E502005181B9 /* LaunchScreen.storyboard */ = {
			isa = PBXVariantGroup;
			children = (
				696FC6F02AE8E502005181B9 /* Base */,
			);
			name = LaunchScreen.storyboard;
			sourceTree = "<group>";
		};
/* End PBXVariantGroup section */

/* Begin XCBuildConfiguration section */
		696FC7092AE8E502005181B9 /* Debug */ = {
			isa = XCBuildConfiguration;
			buildSettings = {
				ALWAYS_SEARCH_USER_PATHS = NO;
				ASSETCATALOG_COMPILER_GENERATE_SWIFT_ASSET_SYMBOL_EXTENSIONS = YES;
				CLANG_ANALYZER_NONNULL = YES;
				CLANG_ANALYZER_NUMBER_OBJECT_CONVERSION = YES_AGGRESSIVE;
				CLANG_CXX_LANGUAGE_STANDARD = "gnu++20";
				CLANG_ENABLE_MODULES = YES;
				CLANG_ENABLE_OBJC_ARC = YES;
				CLANG_ENABLE_OBJC_WEAK = YES;
				CLANG_WARN_BLOCK_CAPTURE_AUTORELEASING = YES;
				CLANG_WARN_BOOL_CONVERSION = YES;
				CLANG_WARN_COMMA = YES;
				CLANG_WARN_CONSTANT_CONVERSION = YES;
				CLANG_WARN_DEPRECATED_OBJC_IMPLEMENTATIONS = YES;
				CLANG_WARN_DIRECT_OBJC_ISA_USAGE = YES_ERROR;
				CLANG_WARN_DOCUMENTATION_COMMENTS = YES;
				CLANG_WARN_EMPTY_BODY = YES;
				CLANG_WARN_ENUM_CONVERSION = YES;
				CLANG_WARN_INFINITE_RECURSION = YES;
				CLANG_WARN_INT_CONVERSION = YES;
				CLANG_WARN_NON_LITERAL_NULL_CONVERSION = YES;
				CLANG_WARN_OBJC_IMPLICIT_RETAIN_SELF = YES;
				CLANG_WARN_OBJC_LITERAL_CONVERSION = YES;
				CLANG_WARN_OBJC_ROOT_CLASS = YES_ERROR;
				CLANG_WARN_QUOTED_INCLUDE_IN_FRAMEWORK_HEADER = YES;
				CLANG_WARN_RANGE_LOOP_ANALYSIS = YES;
				CLANG_WARN_STRICT_PROTOTYPES = YES;
				CLANG_WARN_SUSPICIOUS_MOVE = YES;
				CLANG_WARN_UNGUARDED_AVAILABILITY = YES_AGGRESSIVE;
				CLANG_WARN_UNREACHABLE_CODE = YES;
				CLANG_WARN__DUPLICATE_METHOD_MATCH = YES;
				COPY_PHASE_STRIP = NO;
				DEBUG_INFORMATION_FORMAT = dwarf;
				ENABLE_STRICT_OBJC_MSGSEND = YES;
				ENABLE_TESTABILITY = YES;
				ENABLE_USER_SCRIPT_SANDBOXING = YES;
				GCC_C_LANGUAGE_STANDARD = gnu17;
				GCC_DYNAMIC_NO_PIC = NO;
				GCC_NO_COMMON_BLOCKS = YES;
				GCC_OPTIMIZATION_LEVEL = 0;
				GCC_PREPROCESSOR_DEFINITIONS = (
					"DEBUG=1",
					"$(inherited)",
				);
				GCC_WARN_64_TO_32_BIT_CONVERSION = YES;
				GCC_WARN_ABOUT_RETURN_TYPE = YES_ERROR;
				GCC_WARN_UNDECLARED_SELECTOR = YES;
				GCC_WARN_UNINITIALIZED_AUTOS = YES_AGGRESSIVE;
				GCC_WARN_UNUSED_FUNCTION = YES;
				GCC_WARN_UNUSED_VARIABLE = YES;
				IPHONEOS_DEPLOYMENT_TARGET = 17.0;
				LOCALIZATION_PREFERS_STRING_CATALOGS = YES;
				MTL_ENABLE_DEBUG_INFO = INCLUDE_SOURCE;
				MTL_FAST_MATH = YES;
				ONLY_ACTIVE_ARCH = YES;
				SDKROOT = iphoneos;
				SWIFT_ACTIVE_COMPILATION_CONDITIONS = "DEBUG $(inherited)";
				SWIFT_OPTIMIZATION_LEVEL = "-Onone";
			};
			name = Debug;
		};
		696FC70A2AE8E502005181B9 /* Release */ = {
			isa = XCBuildConfiguration;
			buildSettings = {
				ALWAYS_SEARCH_USER_PATHS = NO;
				ASSETCATALOG_COMPILER_GENERATE_SWIFT_ASSET_SYMBOL_EXTENSIONS = YES;
				CLANG_ANALYZER_NONNULL = YES;
				CLANG_ANALYZER_NUMBER_OBJECT_CONVERSION = YES_AGGRESSIVE;
				CLANG_CXX_LANGUAGE_STANDARD = "gnu++20";
				CLANG_ENABLE_MODULES = YES;
				CLANG_ENABLE_OBJC_ARC = YES;
				CLANG_ENABLE_OBJC_WEAK = YES;
				CLANG_WARN_BLOCK_CAPTURE_AUTORELEASING = YES;
				CLANG_WARN_BOOL_CONVERSION = YES;
				CLANG_WARN_COMMA = YES;
				CLANG_WARN_CONSTANT_CONVERSION = YES;
				CLANG_WARN_DEPRECATED_OBJC_IMPLEMENTATIONS = YES;
				CLANG_WARN_DIRECT_OBJC_ISA_USAGE = YES_ERROR;
				CLANG_WARN_DOCUMENTATION_COMMENTS = YES;
				CLANG_WARN_EMPTY_BODY = YES;
				CLANG_WARN_ENUM_CONVERSION = YES;
				CLANG_WARN_INFINITE_RECURSION = YES;
				CLANG_WARN_INT_CONVERSION = YES;
				CLANG_WARN_NON_LITERAL_NULL_CONVERSION = YES;
				CLANG_WARN_OBJC_IMPLICIT_RETAIN_SELF = YES;
				CLANG_WARN_OBJC_LITERAL_CONVERSION = YES;
				CLANG_WARN_OBJC_ROOT_CLASS = YES_ERROR;
				CLANG_WARN_QUOTED_INCLUDE_IN_FRAMEWORK_HEADER = YES;
				CLANG_WARN_RANGE_LOOP_ANALYSIS = YES;
				CLANG_WARN_STRICT_PROTOTYPES = YES;
				CLANG_WARN_SUSPICIOUS_MOVE = YES;
				CLANG_WARN_UNGUARDED_AVAILABILITY = YES_AGGRESSIVE;
				CLANG_WARN_UNREACHABLE_CODE = YES;
				CLANG_WARN__DUPLICATE_METHOD_MATCH = YES;
				COPY_PHASE_STRIP = NO;
				DEBUG_INFORMATION_FORMAT = "dwarf-with-dsym";
				ENABLE_NS_ASSERTIONS = NO;
				ENABLE_STRICT_OBJC_MSGSEND = YES;
				ENABLE_USER_SCRIPT_SANDBOXING = YES;
				GCC_C_LANGUAGE_STANDARD = gnu17;
				GCC_NO_COMMON_BLOCKS = YES;
				GCC_WARN_64_TO_32_BIT_CONVERSION = YES;
				GCC_WARN_ABOUT_RETURN_TYPE = YES_ERROR;
				GCC_WARN_UNDECLARED_SELECTOR = YES;
				GCC_WARN_UNINITIALIZED_AUTOS = YES_AGGRESSIVE;
				GCC_WARN_UNUSED_FUNCTION = YES;
				GCC_WARN_UNUSED_VARIABLE = YES;
				IPHONEOS_DEPLOYMENT_TARGET = 17.0;
				LOCALIZATION_PREFERS_STRING_CATALOGS = YES;
				MTL_ENABLE_DEBUG_INFO = NO;
				MTL_FAST_MATH = YES;
				SDKROOT = iphoneos;
				SWIFT_COMPILATION_MODE = wholemodule;
				VALIDATE_PRODUCT = YES;
			};
			name = Release;
		};
		696FC70C2AE8E502005181B9 /* Debug */ = {
			isa = XCBuildConfiguration;
			baseConfigurationReference = 154D2E3F60DCB7959C3D9728 /* Pods-MovieApp.debug.xcconfig */;
			buildSettings = {
				ASSETCATALOG_COMPILER_APPICON_NAME = AppIcon;
				ASSETCATALOG_COMPILER_GLOBAL_ACCENT_COLOR_NAME = AccentColor;
				CODE_SIGN_STYLE = Automatic;
				CURRENT_PROJECT_VERSION = 1;
				DEVELOPMENT_TEAM = 737V233D7D;
				ENABLE_USER_SCRIPT_SANDBOXING = NO;
				GENERATE_INFOPLIST_FILE = YES;
				INFOPLIST_FILE = MovieApp/Info.plist;
				INFOPLIST_KEY_UIApplicationSupportsIndirectInputEvents = YES;
				INFOPLIST_KEY_UILaunchStoryboardName = LaunchScreen;
				INFOPLIST_KEY_UIMainStoryboardFile = Main;
				INFOPLIST_KEY_UISupportedInterfaceOrientations_iPad = "UIInterfaceOrientationPortrait UIInterfaceOrientationPortraitUpsideDown UIInterfaceOrientationLandscapeLeft UIInterfaceOrientationLandscapeRight";
				INFOPLIST_KEY_UISupportedInterfaceOrientations_iPhone = "UIInterfaceOrientationPortrait UIInterfaceOrientationLandscapeLeft UIInterfaceOrientationLandscapeRight";
				LD_RUNPATH_SEARCH_PATHS = (
					"$(inherited)",
					"@executable_path/Frameworks",
				);
				MARKETING_VERSION = 1.0;
				PRODUCT_BUNDLE_IDENTIFIER = khushbu.MovieApp;
				PRODUCT_NAME = "$(TARGET_NAME)";
				SWIFT_EMIT_LOC_STRINGS = YES;
				SWIFT_VERSION = 5.0;
				TARGETED_DEVICE_FAMILY = "1,2";
			};
			name = Debug;
		};
		696FC70D2AE8E502005181B9 /* Release */ = {
			isa = XCBuildConfiguration;
			baseConfigurationReference = 6D0D3E98DB3760BC18C8519E /* Pods-MovieApp.release.xcconfig */;
			buildSettings = {
				ASSETCATALOG_COMPILER_APPICON_NAME = AppIcon;
				ASSETCATALOG_COMPILER_GLOBAL_ACCENT_COLOR_NAME = AccentColor;
				CODE_SIGN_STYLE = Automatic;
				CURRENT_PROJECT_VERSION = 1;
				DEVELOPMENT_TEAM = 737V233D7D;
				ENABLE_USER_SCRIPT_SANDBOXING = NO;
				GENERATE_INFOPLIST_FILE = YES;
				INFOPLIST_FILE = MovieApp/Info.plist;
				INFOPLIST_KEY_UIApplicationSupportsIndirectInputEvents = YES;
				INFOPLIST_KEY_UILaunchStoryboardName = LaunchScreen;
				INFOPLIST_KEY_UIMainStoryboardFile = Main;
				INFOPLIST_KEY_UISupportedInterfaceOrientations_iPad = "UIInterfaceOrientationPortrait UIInterfaceOrientationPortraitUpsideDown UIInterfaceOrientationLandscapeLeft UIInterfaceOrientationLandscapeRight";
				INFOPLIST_KEY_UISupportedInterfaceOrientations_iPhone = "UIInterfaceOrientationPortrait UIInterfaceOrientationLandscapeLeft UIInterfaceOrientationLandscapeRight";
				LD_RUNPATH_SEARCH_PATHS = (
					"$(inherited)",
					"@executable_path/Frameworks",
				);
				MARKETING_VERSION = 1.0;
				PRODUCT_BUNDLE_IDENTIFIER = khushbu.MovieApp;
				PRODUCT_NAME = "$(TARGET_NAME)";
				SWIFT_EMIT_LOC_STRINGS = YES;
				SWIFT_VERSION = 5.0;
				TARGETED_DEVICE_FAMILY = "1,2";
			};
			name = Release;
		};
		696FC70F2AE8E502005181B9 /* Debug */ = {
			isa = XCBuildConfiguration;
			baseConfigurationReference = 77296E8F7187B158B367CF9D /* Pods-MovieAppTests.debug.xcconfig */;
			buildSettings = {
				ALWAYS_EMBED_SWIFT_STANDARD_LIBRARIES = YES;
				BUNDLE_LOADER = "$(TEST_HOST)";
				CODE_SIGN_STYLE = Automatic;
				CURRENT_PROJECT_VERSION = 1;
				DEVELOPMENT_TEAM = 737V233D7D;
				GENERATE_INFOPLIST_FILE = YES;
				IPHONEOS_DEPLOYMENT_TARGET = 17.0;
				MARKETING_VERSION = 1.0;
				PRODUCT_BUNDLE_IDENTIFIER = khushbu.MovieAppTests;
				PRODUCT_NAME = "$(TARGET_NAME)";
				SWIFT_EMIT_LOC_STRINGS = NO;
				SWIFT_VERSION = 5.0;
				TARGETED_DEVICE_FAMILY = "1,2";
				TEST_HOST = "$(BUILT_PRODUCTS_DIR)/MovieApp.app/$(BUNDLE_EXECUTABLE_FOLDER_PATH)/MovieApp";
			};
			name = Debug;
		};
		696FC7102AE8E502005181B9 /* Release */ = {
			isa = XCBuildConfiguration;
			baseConfigurationReference = D6E8B285BDE53D2DBBC9F493 /* Pods-MovieAppTests.release.xcconfig */;
			buildSettings = {
				ALWAYS_EMBED_SWIFT_STANDARD_LIBRARIES = YES;
				BUNDLE_LOADER = "$(TEST_HOST)";
				CODE_SIGN_STYLE = Automatic;
				CURRENT_PROJECT_VERSION = 1;
				DEVELOPMENT_TEAM = 737V233D7D;
				GENERATE_INFOPLIST_FILE = YES;
				IPHONEOS_DEPLOYMENT_TARGET = 17.0;
				MARKETING_VERSION = 1.0;
				PRODUCT_BUNDLE_IDENTIFIER = khushbu.MovieAppTests;
				PRODUCT_NAME = "$(TARGET_NAME)";
				SWIFT_EMIT_LOC_STRINGS = NO;
				SWIFT_VERSION = 5.0;
				TARGETED_DEVICE_FAMILY = "1,2";
				TEST_HOST = "$(BUILT_PRODUCTS_DIR)/MovieApp.app/$(BUNDLE_EXECUTABLE_FOLDER_PATH)/MovieApp";
			};
			name = Release;
		};
		696FC7122AE8E502005181B9 /* Debug */ = {
			isa = XCBuildConfiguration;
			baseConfigurationReference = D63AE8C734D5C03C77D0C5FC /* Pods-MovieApp-MovieAppUITests.debug.xcconfig */;
			buildSettings = {
				ALWAYS_EMBED_SWIFT_STANDARD_LIBRARIES = YES;
				CODE_SIGN_STYLE = Automatic;
				CURRENT_PROJECT_VERSION = 1;
				DEVELOPMENT_TEAM = 737V233D7D;
				ENABLE_USER_SCRIPT_SANDBOXING = NO;
				GENERATE_INFOPLIST_FILE = YES;
				MARKETING_VERSION = 1.0;
				PRODUCT_BUNDLE_IDENTIFIER = khushbu.MovieAppUITests;
				PRODUCT_NAME = "$(TARGET_NAME)";
				SWIFT_EMIT_LOC_STRINGS = NO;
				SWIFT_VERSION = 5.0;
				TARGETED_DEVICE_FAMILY = "1,2";
				TEST_TARGET_NAME = MovieApp;
			};
			name = Debug;
		};
		696FC7132AE8E502005181B9 /* Release */ = {
			isa = XCBuildConfiguration;
			baseConfigurationReference = 93EDAED0AA74CAACF686AC2A /* Pods-MovieApp-MovieAppUITests.release.xcconfig */;
			buildSettings = {
				ALWAYS_EMBED_SWIFT_STANDARD_LIBRARIES = YES;
				CODE_SIGN_STYLE = Automatic;
				CURRENT_PROJECT_VERSION = 1;
				DEVELOPMENT_TEAM = 737V233D7D;
				ENABLE_USER_SCRIPT_SANDBOXING = NO;
				GENERATE_INFOPLIST_FILE = YES;
				MARKETING_VERSION = 1.0;
				PRODUCT_BUNDLE_IDENTIFIER = khushbu.MovieAppUITests;
				PRODUCT_NAME = "$(TARGET_NAME)";
				SWIFT_EMIT_LOC_STRINGS = NO;
				SWIFT_VERSION = 5.0;
				TARGETED_DEVICE_FAMILY = "1,2";
				TEST_TARGET_NAME = MovieApp;
			};
			name = Release;
		};
/* End XCBuildConfiguration section */

/* Begin XCConfigurationList section */
		696FC6D92AE8E501005181B9 /* Build configuration list for PBXProject "MovieApp" */ = {
			isa = XCConfigurationList;
			buildConfigurations = (
				696FC7092AE8E502005181B9 /* Debug */,
				696FC70A2AE8E502005181B9 /* Release */,
			);
			defaultConfigurationIsVisible = 0;
			defaultConfigurationName = Release;
		};
		696FC70B2AE8E502005181B9 /* Build configuration list for PBXNativeTarget "MovieApp" */ = {
			isa = XCConfigurationList;
			buildConfigurations = (
				696FC70C2AE8E502005181B9 /* Debug */,
				696FC70D2AE8E502005181B9 /* Release */,
			);
			defaultConfigurationIsVisible = 0;
			defaultConfigurationName = Release;
		};
		696FC70E2AE8E502005181B9 /* Build configuration list for PBXNativeTarget "MovieAppTests" */ = {
			isa = XCConfigurationList;
			buildConfigurations = (
				696FC70F2AE8E502005181B9 /* Debug */,
				696FC7102AE8E502005181B9 /* Release */,
			);
			defaultConfigurationIsVisible = 0;
			defaultConfigurationName = Release;
		};
		696FC7112AE8E502005181B9 /* Build configuration list for PBXNativeTarget "MovieAppUITests" */ = {
			isa = XCConfigurationList;
			buildConfigurations = (
				696FC7122AE8E502005181B9 /* Debug */,
				696FC7132AE8E502005181B9 /* Release */,
			);
			defaultConfigurationIsVisible = 0;
			defaultConfigurationName = Release;
		};
/* End XCConfigurationList section */

/* Begin XCVersionGroup section */
		696FC6EA2AE8E501005181B9 /* MovieApp.xcdatamodeld */ = {
			isa = XCVersionGroup;
			children = (
				696FC6EB2AE8E501005181B9 /* MovieApp.xcdatamodel */,
			);
			currentVersion = 696FC6EB2AE8E501005181B9 /* MovieApp.xcdatamodel */;
			path = MovieApp.xcdatamodeld;
			sourceTree = "<group>";
			versionGroupType = wrapper.xcdatamodel;
		};
/* End XCVersionGroup section */
	};
	rootObject = 696FC6D62AE8E501005181B9 /* Project object */;
}
